{
  "name": "@buxlabs/is-image",
  "version": "1.0.1",
  "lockfileVersion": 1,
  "requires": true,
  "dependencies": {
    "check-if-windows": {
      "version": "1.0.0",
      "resolved": "https://registry.npmjs.org/check-if-windows/-/check-if-windows-1.0.0.tgz",
      "integrity": "sha1-xKhkjtoPiS1hQhvr2ROjwpV51Lg=",
      "requires": {
        "utils-platform": "1.0.0"
      }
    },
    "image-extensions": {
      "version": "1.1.0",
      "resolved": "https://registry.npmjs.org/image-extensions/-/image-extensions-1.1.0.tgz",
      "integrity": "sha1-uOa/YDnfAFbjM1AqALZjejEF2JQ="
    },
    "regex-extname": {
      "version": "1.0.0",
      "resolved": "https://registry.npmjs.org/regex-extname/-/regex-extname-1.0.0.tgz",
      "integrity": "sha1-2Pxe1hkhTZwuvcLzKaOy2b2cLjw=",
      "requires": {
        "check-if-windows": "1.0.0",
        "regex-extname-posix": "1.0.0",
        "regex-extname-windows": "1.0.0"
      }
    },
    "regex-extname-posix": {
      "version": "1.0.0",
      "resolved": "https://registry.npmjs.org/regex-extname-posix/-/regex-extname-posix-1.0.0.tgz",
      "integrity": "sha1-y+pmq+67hnFJ6RyXUM06csGE3z4="
    },
    "regex-extname-windows": {
      "version": "1.0.0",
      "resolved": "https://registry.npmjs.org/regex-extname-windows/-/regex-extname-windows-1.0.0.tgz",
      "integrity": "sha1-36GPdcjm2iiDtTUu7wHO37Mivu0="
    },
    "utils-extname": {
      "version": "1.0.0",
      "resolved": "https://registry.npmjs.org/utils-extname/-/utils-extname-1.0.0.tgz",
      "integrity": "sha1-+0TY0cVE0U281a2qKQCdGdqSHhg=",
      "requires": {
        "regex-extname": "1.0.0",
        "validate.io-string-primitive": "1.0.1"
      }
    },
    "utils-platform": {
      "version": "1.0.0",
      "resolved": "https://registry.npmjs.org/utils-platform/-/utils-platform-1.0.0.tgz",
      "integrity": "sha1-WV6sl6P2jZs29JMrKU/CJpdFE7A="
    },
    "validate.io-string-primitive": {
      "version": "1.0.1",
      "resolved": "https://registry.npmjs.org/validate.io-string-primitive/-/validate.io-string-primitive-1.0.1.tgz",
      "integrity": "sha1-uBNbn7E3K94C/dU60dDM1t55j+4="
    }
  }
}
